// !$*UTF8*$!
{
	archiveVersion = 1;
	classes = {
	};
	objectVersion = 56;
	objects = {

/* Begin PBXBuildFile section */
		546A2A542C5F93EB009EFA49 /* PersistenceManager.swift in Sources */ = {isa = PBXBuildFile; fileRef = 546A2A532C5F93EB009EFA49 /* PersistenceManager.swift */; };
		546A2A572C5F942C009EFA49 /* Affirmations.xcdatamodeld in Sources */ = {isa = PBXBuildFile; fileRef = 546A2A552C5F942C009EFA49 /* Affirmations.xcdatamodeld */; };
		546A2A592C5F94FF009EFA49 /* AffirmationsViewModel.swift in Sources */ = {isa = PBXBuildFile; fileRef = 546A2A582C5F94FF009EFA49 /* AffirmationsViewModel.swift */; };
		546A2A5E2C5FABAC009EFA49 /* AffirmationsView.swift in Sources */ = {isa = PBXBuildFile; fileRef = 546A2A5D2C5FABAC009EFA49 /* AffirmationsView.swift */; };
		546A2A602C5FC752009EFA49 /* ColorData.swift in Sources */ = {isa = PBXBuildFile; fileRef = 546A2A5F2C5FC752009EFA49 /* ColorData.swift */; };
		546A2A622C60C0AE009EFA49 /* SettingsViewModel.swift in Sources */ = {isa = PBXBuildFile; fileRef = 546A2A612C60C0AE009EFA49 /* SettingsViewModel.swift */; };
		546A2A642C60C156009EFA49 /* SettingsRowView.swift in Sources */ = {isa = PBXBuildFile; fileRef = 546A2A632C60C156009EFA49 /* SettingsRowView.swift */; };
		54EB613A2C5CF06100EF3611 /* AffirmationsApp.swift in Sources */ = {isa = PBXBuildFile; fileRef = 54EB61392C5CF06100EF3611 /* AffirmationsApp.swift */; };
		54EB613C2C5CF06100EF3611 /* ContentView.swift in Sources */ = {isa = PBXBuildFile; fileRef = 54EB613B2C5CF06100EF3611 /* ContentView.swift */; };
		54EB613E2C5CF06200EF3611 /* Assets.xcassets in Resources */ = {isa = PBXBuildFile; fileRef = 54EB613D2C5CF06200EF3611 /* Assets.xcassets */; };
		54EB61412C5CF06200EF3611 /* Preview Assets.xcassets in Resources */ = {isa = PBXBuildFile; fileRef = 54EB61402C5CF06200EF3611 /* Preview Assets.xcassets */; };
		54EB61482C5D16AF00EF3611 /* CategorySelectionView.swift in Sources */ = {isa = PBXBuildFile; fileRef = 54EB61472C5D16AF00EF3611 /* CategorySelectionView.swift */; };
		54EB614B2C5D18C100EF3611 /* SelectButtonStyle.swift in Sources */ = {isa = PBXBuildFile; fileRef = 54EB614A2C5D18C100EF3611 /* SelectButtonStyle.swift */; };
		54EB614D2C5D349B00EF3611 /* OnboardingButtonStyle.swift in Sources */ = {isa = PBXBuildFile; fileRef = 54EB614C2C5D349B00EF3611 /* OnboardingButtonStyle.swift */; };
		54EB614F2C5D36D700EF3611 /* BackgroundColorSelectionView.swift in Sources */ = {isa = PBXBuildFile; fileRef = 54EB614E2C5D36D700EF3611 /* BackgroundColorSelectionView.swift */; };
		54EB61512C5D377600EF3611 /* GenderSelectionView.swift in Sources */ = {isa = PBXBuildFile; fileRef = 54EB61502C5D377600EF3611 /* GenderSelectionView.swift */; };
		54EB61532C5D3AAB00EF3611 /* SettingsView.swift in Sources */ = {isa = PBXBuildFile; fileRef = 54EB61522C5D3AAB00EF3611 /* SettingsView.swift */; };
		54EB61552C5D40D600EF3611 /* OnboardingView.swift in Sources */ = {isa = PBXBuildFile; fileRef = 54EB61542C5D40D600EF3611 /* OnboardingView.swift */; };
/* End PBXBuildFile section */

/* Begin PBXFileReference section */
		546A2A532C5F93EB009EFA49 /* PersistenceManager.swift */ = {isa = PBXFileReference; lastKnownFileType = sourcecode.swift; path = PersistenceManager.swift; sourceTree = "<group>"; };
		546A2A562C5F942C009EFA49 /* Affirmations.xcdatamodel */ = {isa = PBXFileReference; lastKnownFileType = wrapper.xcdatamodel; path = Affirmations.xcdatamodel; sourceTree = "<group>"; };
		546A2A582C5F94FF009EFA49 /* AffirmationsViewModel.swift */ = {isa = PBXFileReference; lastKnownFileType = sourcecode.swift; path = AffirmationsViewModel.swift; sourceTree = "<group>"; };
		546A2A5D2C5FABAC009EFA49 /* AffirmationsView.swift */ = {isa = PBXFileReference; lastKnownFileType = sourcecode.swift; path = AffirmationsView.swift; sourceTree = "<group>"; };
		546A2A5F2C5FC752009EFA49 /* ColorData.swift */ = {isa = PBXFileReference; lastKnownFileType = sourcecode.swift; path = ColorData.swift; sourceTree = "<group>"; };
		546A2A612C60C0AE009EFA49 /* SettingsViewModel.swift */ = {isa = PBXFileReference; lastKnownFileType = sourcecode.swift; path = SettingsViewModel.swift; sourceTree = "<group>"; };
		546A2A632C60C156009EFA49 /* SettingsRowView.swift */ = {isa = PBXFileReference; lastKnownFileType = sourcecode.swift; path = SettingsRowView.swift; sourceTree = "<group>"; };
		54EB61362C5CF06100EF3611 /* Affirmations.app */ = {isa = PBXFileReference; explicitFileType = wrapper.application; includeInIndex = 0; path = Affirmations.app; sourceTree = BUILT_PRODUCTS_DIR; };
		54EB61392C5CF06100EF3611 /* AffirmationsApp.swift */ = {isa = PBXFileReference; lastKnownFileType = sourcecode.swift; path = AffirmationsApp.swift; sourceTree = "<group>"; };
		54EB613B2C5CF06100EF3611 /* ContentView.swift */ = {isa = PBXFileReference; lastKnownFileType = sourcecode.swift; path = ContentView.swift; sourceTree = "<group>"; };
		54EB613D2C5CF06200EF3611 /* Assets.xcassets */ = {isa = PBXFileReference; lastKnownFileType = folder.assetcatalog; path = Assets.xcassets; sourceTree = "<group>"; };
		54EB61402C5CF06200EF3611 /* Preview Assets.xcassets */ = {isa = PBXFileReference; lastKnownFileType = folder.assetcatalog; path = "Preview Assets.xcassets"; sourceTree = "<group>"; };
		54EB61472C5D16AF00EF3611 /* CategorySelectionView.swift */ = {isa = PBXFileReference; lastKnownFileType = sourcecode.swift; path = CategorySelectionView.swift; sourceTree = "<group>"; };
		54EB614A2C5D18C100EF3611 /* SelectButtonStyle.swift */ = {isa = PBXFileReference; lastKnownFileType = sourcecode.swift; path = SelectButtonStyle.swift; sourceTree = "<group>"; };
		54EB614C2C5D349B00EF3611 /* OnboardingButtonStyle.swift */ = {isa = PBXFileReference; lastKnownFileType = sourcecode.swift; path = OnboardingButtonStyle.swift; sourceTree = "<group>"; };
		54EB614E2C5D36D700EF3611 /* BackgroundColorSelectionView.swift */ = {isa = PBXFileReference; lastKnownFileType = sourcecode.swift; path = BackgroundColorSelectionView.swift; sourceTree = "<group>"; };
		54EB61502C5D377600EF3611 /* GenderSelectionView.swift */ = {isa = PBXFileReference; lastKnownFileType = sourcecode.swift; path = GenderSelectionView.swift; sourceTree = "<group>"; };
		54EB61522C5D3AAB00EF3611 /* SettingsView.swift */ = {isa = PBXFileReference; lastKnownFileType = sourcecode.swift; path = SettingsView.swift; sourceTree = "<group>"; };
		54EB61542C5D40D600EF3611 /* OnboardingView.swift */ = {isa = PBXFileReference; lastKnownFileType = sourcecode.swift; path = OnboardingView.swift; sourceTree = "<group>"; };
/* End PBXFileReference section */

/* Begin PBXFrameworksBuildPhase section */
		54EB61332C5CF06100EF3611 /* Frameworks */ = {
			isa = PBXFrameworksBuildPhase;
			buildActionMask = 2147483647;
			files = (
			);
			runOnlyForDeploymentPostprocessing = 0;
		};
/* End PBXFrameworksBuildPhase section */

/* Begin PBXGroup section */
		546A2A5C2C5FAB01009EFA49 /* Persistence */ = {
			isa = PBXGroup;
			children = (
				546A2A532C5F93EB009EFA49 /* PersistenceManager.swift */,
				546A2A552C5F942C009EFA49 /* Affirmations.xcdatamodeld */,
				546A2A582C5F94FF009EFA49 /* AffirmationsViewModel.swift */,
			);
			path = Persistence;
			sourceTree = "<group>";
		};
		54EB612D2C5CF06100EF3611 = {
			isa = PBXGroup;
			children = (
				54EB61382C5CF06100EF3611 /* Affirmations */,
				54EB61372C5CF06100EF3611 /* Products */,
			);
			sourceTree = "<group>";
		};
		54EB61372C5CF06100EF3611 /* Products */ = {
			isa = PBXGroup;
			children = (
				54EB61362C5CF06100EF3611 /* Affirmations.app */,
			);
			name = Products;
			sourceTree = "<group>";
		};
		54EB61382C5CF06100EF3611 /* Affirmations */ = {
			isa = PBXGroup;
			children = (
				54EB61392C5CF06100EF3611 /* AffirmationsApp.swift */,
				546A2A612C60C0AE009EFA49 /* SettingsViewModel.swift */,
				54EB613B2C5CF06100EF3611 /* ContentView.swift */,
				546A2A5D2C5FABAC009EFA49 /* AffirmationsView.swift */,
				54EB61522C5D3AAB00EF3611 /* SettingsView.swift */,
				546A2A632C60C156009EFA49 /* SettingsRowView.swift */,
				546A2A5F2C5FC752009EFA49 /* ColorData.swift */,
				54EB61562C5DF52200EF3611 /* Onboarding */,
				546A2A5C2C5FAB01009EFA49 /* Persistence */,
				54EB61492C5D18A200EF3611 /* Helpers */,
				54EB613D2C5CF06200EF3611 /* Assets.xcassets */,
				54EB613F2C5CF06200EF3611 /* Preview Content */,
			);
			path = Affirmations;
			sourceTree = "<group>";
		};
		54EB613F2C5CF06200EF3611 /* Preview Content */ = {
			isa = PBXGroup;
			children = (
				54EB61402C5CF06200EF3611 /* Preview Assets.xcassets */,
			);
			path = "Preview Content";
			sourceTree = "<group>";
		};
		54EB61492C5D18A200EF3611 /* Helpers */ = {
			isa = PBXGroup;
			children = (
				54EB614A2C5D18C100EF3611 /* SelectButtonStyle.swift */,
				54EB614C2C5D349B00EF3611 /* OnboardingButtonStyle.swift */,
			);
			path = Helpers;
			sourceTree = "<group>";
		};
		54EB61562C5DF52200EF3611 /* Onboarding */ = {
			isa = PBXGroup;
			children = (
				54EB61542C5D40D600EF3611 /* OnboardingView.swift */,
				54EB61472C5D16AF00EF3611 /* CategorySelectionView.swift */,
				54EB614E2C5D36D700EF3611 /* BackgroundColorSelectionView.swift */,
				54EB61502C5D377600EF3611 /* GenderSelectionView.swift */,
			);
			path = Onboarding;
			sourceTree = "<group>";
		};
/* End PBXGroup section */

/* Begin PBXNativeTarget section */
		54EB61352C5CF06100EF3611 /* Affirmations */ = {
			isa = PBXNativeTarget;
			buildConfigurationList = 54EB61442C5CF06200EF3611 /* Build configuration list for PBXNativeTarget "Affirmations" */;
			buildPhases = (
				54EB61322C5CF06100EF3611 /* Sources */,
				54EB61332C5CF06100EF3611 /* Frameworks */,
				54EB61342C5CF06100EF3611 /* Resources */,
			);
			buildRules = (
			);
			dependencies = (
			);
			name = Affirmations;
			productName = Affirmations;
			productReference = 54EB61362C5CF06100EF3611 /* Affirmations.app */;
			productType = "com.apple.product-type.application";
		};
/* End PBXNativeTarget section */

/* Begin PBXProject section */
		54EB612E2C5CF06100EF3611 /* Project object */ = {
			isa = PBXProject;
			attributes = {
				BuildIndependentTargetsInParallel = 1;
				LastSwiftUpdateCheck = 1540;
				LastUpgradeCheck = 1540;
				TargetAttributes = {
					54EB61352C5CF06100EF3611 = {
						CreatedOnToolsVersion = 15.4;
					};
				};
			};
			buildConfigurationList = 54EB61312C5CF06100EF3611 /* Build configuration list for PBXProject "Affirmations" */;
			compatibilityVersion = "Xcode 14.0";
			developmentRegion = en;
			hasScannedForEncodings = 0;
			knownRegions = (
				en,
				Base,
			);
			mainGroup = 54EB612D2C5CF06100EF3611;
			productRefGroup = 54EB61372C5CF06100EF3611 /* Products */;
			projectDirPath = "";
			projectRoot = "";
			targets = (
				54EB61352C5CF06100EF3611 /* Affirmations */,
			);
		};
/* End PBXProject section */

/* Begin PBXResourcesBuildPhase section */
		54EB61342C5CF06100EF3611 /* Resources */ = {
			isa = PBXResourcesBuildPhase;
			buildActionMask = 2147483647;
			files = (
				54EB61412C5CF06200EF3611 /* Preview Assets.xcassets in Resources */,
				54EB613E2C5CF06200EF3611 /* Assets.xcassets in Resources */,
			);
			runOnlyForDeploymentPostprocessing = 0;
		};
/* End PBXResourcesBuildPhase section */

/* Begin PBXSourcesBuildPhase section */
		54EB61322C5CF06100EF3611 /* Sources */ = {
			isa = PBXSourcesBuildPhase;
			buildActionMask = 2147483647;
			files = (
				54EB613C2C5CF06100EF3611 /* ContentView.swift in Sources */,
				546A2A602C5FC752009EFA49 /* ColorData.swift in Sources */,
				546A2A542C5F93EB009EFA49 /* PersistenceManager.swift in Sources */,
				54EB61532C5D3AAB00EF3611 /* SettingsView.swift in Sources */,
				54EB613A2C5CF06100EF3611 /* AffirmationsApp.swift in Sources */,
				546A2A5E2C5FABAC009EFA49 /* AffirmationsView.swift in Sources */,
				54EB61552C5D40D600EF3611 /* OnboardingView.swift in Sources */,
				54EB61512C5D377600EF3611 /* GenderSelectionView.swift in Sources */,
				54EB614D2C5D349B00EF3611 /* OnboardingButtonStyle.swift in Sources */,
				54EB614F2C5D36D700EF3611 /* BackgroundColorSelectionView.swift in Sources */,
				546A2A642C60C156009EFA49 /* SettingsRowView.swift in Sources */,
				546A2A572C5F942C009EFA49 /* Affirmations.xcdatamodeld in Sources */,
				54EB614B2C5D18C100EF3611 /* SelectButtonStyle.swift in Sources */,
				546A2A592C5F94FF009EFA49 /* AffirmationsViewModel.swift in Sources */,
				54EB61482C5D16AF00EF3611 /* CategorySelectionView.swift in Sources */,
				546A2A622C60C0AE009EFA49 /* SettingsViewModel.swift in Sources */,
			);
			runOnlyForDeploymentPostprocessing = 0;
		};
/* End PBXSourcesBuildPhase section */

/* Begin XCBuildConfiguration section */
		54EB61422C5CF06200EF3611 /* Debug */ = {
			isa = XCBuildConfiguration;
			buildSettings = {
				ALWAYS_SEARCH_USER_PATHS = NO;
				ASSETCATALOG_COMPILER_GENERATE_SWIFT_ASSET_SYMBOL_EXTENSIONS = YES;
				CLANG_ANALYZER_NONNULL = YES;
				CLANG_ANALYZER_NUMBER_OBJECT_CONVERSION = YES_AGGRESSIVE;
				CLANG_CXX_LANGUAGE_STANDARD = "gnu++20";
				CLANG_ENABLE_MODULES = YES;
				CLANG_ENABLE_OBJC_ARC = YES;
				CLANG_ENABLE_OBJC_WEAK = YES;
				CLANG_WARN_BLOCK_CAPTURE_AUTORELEASING = YES;
				CLANG_WARN_BOOL_CONVERSION = YES;
				CLANG_WARN_COMMA = YES;
				CLANG_WARN_CONSTANT_CONVERSION = YES;
				CLANG_WARN_DEPRECATED_OBJC_IMPLEMENTATIONS = YES;
				CLANG_WARN_DIRECT_OBJC_ISA_USAGE = YES_ERROR;
				CLANG_WARN_DOCUMENTATION_COMMENTS = YES;
				CLANG_WARN_EMPTY_BODY = YES;
				CLANG_WARN_ENUM_CONVERSION = YES;
				CLANG_WARN_INFINITE_RECURSION = YES;
				CLANG_WARN_INT_CONVERSION = YES;
				CLANG_WARN_NON_LITERAL_NULL_CONVERSION = YES;
				CLANG_WARN_OBJC_IMPLICIT_RETAIN_SELF = YES;
				CLANG_WARN_OBJC_LITERAL_CONVERSION = YES;
				CLANG_WARN_OBJC_ROOT_CLASS = YES_ERROR;
				CLANG_WARN_QUOTED_INCLUDE_IN_FRAMEWORK_HEADER = YES;
				CLANG_WARN_RANGE_LOOP_ANALYSIS = YES;
				CLANG_WARN_STRICT_PROTOTYPES = YES;
				CLANG_WARN_SUSPICIOUS_MOVE = YES;
				CLANG_WARN_UNGUARDED_AVAILABILITY = YES_AGGRESSIVE;
				CLANG_WARN_UNREACHABLE_CODE = YES;
				CLANG_WARN__DUPLICATE_METHOD_MATCH = YES;
				COPY_PHASE_STRIP = NO;
				DEBUG_INFORMATION_FORMAT = dwarf;
				ENABLE_STRICT_OBJC_MSGSEND = YES;
				ENABLE_TESTABILITY = YES;
				ENABLE_USER_SCRIPT_SANDBOXING = YES;
				GCC_C_LANGUAGE_STANDARD = gnu17;
				GCC_DYNAMIC_NO_PIC = NO;
				GCC_NO_COMMON_BLOCKS = YES;
				GCC_OPTIMIZATION_LEVEL = 0;
				GCC_PREPROCESSOR_DEFINITIONS = (
					"DEBUG=1",
					"$(inherited)",
				);
				GCC_WARN_64_TO_32_BIT_CONVERSION = YES;
				GCC_WARN_ABOUT_RETURN_TYPE = YES_ERROR;
				GCC_WARN_UNDECLARED_SELECTOR = YES;
				GCC_WARN_UNINITIALIZED_AUTOS = YES_AGGRESSIVE;
				GCC_WARN_UNUSED_FUNCTION = YES;
				GCC_WARN_UNUSED_VARIABLE = YES;
				IPHONEOS_DEPLOYMENT_TARGET = 17.5;
				LOCALIZATION_PREFERS_STRING_CATALOGS = YES;
				MTL_ENABLE_DEBUG_INFO = INCLUDE_SOURCE;
				MTL_FAST_MATH = YES;
				ONLY_ACTIVE_ARCH = YES;
				SDKROOT = iphoneos;
				SWIFT_ACTIVE_COMPILATION_CONDITIONS = "DEBUG $(inherited)";
				SWIFT_OPTIMIZATION_LEVEL = "-Onone";
			};
			name = Debug;
		};
		54EB61432C5CF06200EF3611 /* Release */ = {
			isa = XCBuildConfiguration;
			buildSettings = {
				ALWAYS_SEARCH_USER_PATHS = NO;
				ASSETCATALOG_COMPILER_GENERATE_SWIFT_ASSET_SYMBOL_EXTENSIONS = YES;
				CLANG_ANALYZER_NONNULL = YES;
				CLANG_ANALYZER_NUMBER_OBJECT_CONVERSION = YES_AGGRESSIVE;
				CLANG_CXX_LANGUAGE_STANDARD = "gnu++20";
				CLANG_ENABLE_MODULES = YES;
				CLANG_ENABLE_OBJC_ARC = YES;
				CLANG_ENABLE_OBJC_WEAK = YES;
				CLANG_WARN_BLOCK_CAPTURE_AUTORELEASING = YES;
				CLANG_WARN_BOOL_CONVERSION = YES;
				CLANG_WARN_COMMA = YES;
				CLANG_WARN_CONSTANT_CONVERSION = YES;
				CLANG_WARN_DEPRECATED_OBJC_IMPLEMENTATIONS = YES;
				CLANG_WARN_DIRECT_OBJC_ISA_USAGE = YES_ERROR;
				CLANG_WARN_DOCUMENTATION_COMMENTS = YES;
				CLANG_WARN_EMPTY_BODY = YES;
				CLANG_WARN_ENUM_CONVERSION = YES;
				CLANG_WARN_INFINITE_RECURSION = YES;
				CLANG_WARN_INT_CONVERSION = YES;
				CLANG_WARN_NON_LITERAL_NULL_CONVERSION = YES;
				CLANG_WARN_OBJC_IMPLICIT_RETAIN_SELF = YES;
				CLANG_WARN_OBJC_LITERAL_CONVERSION = YES;
				CLANG_WARN_OBJC_ROOT_CLASS = YES_ERROR;
				CLANG_WARN_QUOTED_INCLUDE_IN_FRAMEWORK_HEADER = YES;
				CLANG_WARN_RANGE_LOOP_ANALYSIS = YES;
				CLANG_WARN_STRICT_PROTOTYPES = YES;
				CLANG_WARN_SUSPICIOUS_MOVE = YES;
				CLANG_WARN_UNGUARDED_AVAILABILITY = YES_AGGRESSIVE;
				CLANG_WARN_UNREACHABLE_CODE = YES;
				CLANG_WARN__DUPLICATE_METHOD_MATCH = YES;
				COPY_PHASE_STRIP = NO;
				DEBUG_INFORMATION_FORMAT = "dwarf-with-dsym";
				ENABLE_NS_ASSERTIONS = NO;
				ENABLE_STRICT_OBJC_MSGSEND = YES;
				ENABLE_USER_SCRIPT_SANDBOXING = YES;
				GCC_C_LANGUAGE_STANDARD = gnu17;
				GCC_NO_COMMON_BLOCKS = YES;
				GCC_WARN_64_TO_32_BIT_CONVERSION = YES;
				GCC_WARN_ABOUT_RETURN_TYPE = YES_ERROR;
				GCC_WARN_UNDECLARED_SELECTOR = YES;
				GCC_WARN_UNINITIALIZED_AUTOS = YES_AGGRESSIVE;
				GCC_WARN_UNUSED_FUNCTION = YES;
				GCC_WARN_UNUSED_VARIABLE = YES;
				IPHONEOS_DEPLOYMENT_TARGET = 17.5;
				LOCALIZATION_PREFERS_STRING_CATALOGS = YES;
				MTL_ENABLE_DEBUG_INFO = NO;
				MTL_FAST_MATH = YES;
				SDKROOT = iphoneos;
				SWIFT_COMPILATION_MODE = wholemodule;
				VALIDATE_PRODUCT = YES;
			};
			name = Release;
		};
		54EB61452C5CF06200EF3611 /* Debug */ = {
			isa = XCBuildConfiguration;
			buildSettings = {
				ASSETCATALOG_COMPILER_APPICON_NAME = AppIcon;
				ASSETCATALOG_COMPILER_GLOBAL_ACCENT_COLOR_NAME = AccentColor;
				CODE_SIGN_STYLE = Automatic;
				CURRENT_PROJECT_VERSION = 1;
				DEVELOPMENT_ASSET_PATHS = "\"Affirmations/Preview Content\"";
				DEVELOPMENT_TEAM = LU4XHFZPKM;
				ENABLE_PREVIEWS = YES;
				GENERATE_INFOPLIST_FILE = YES;
				INFOPLIST_KEY_UIApplicationSceneManifest_Generation = YES;
				INFOPLIST_KEY_UIApplicationSupportsIndirectInputEvents = YES;
				INFOPLIST_KEY_UILaunchScreen_Generation = YES;
				INFOPLIST_KEY_UISupportedInterfaceOrientations_iPad = "UIInterfaceOrientationPortrait UIInterfaceOrientationPortraitUpsideDown UIInterfaceOrientationLandscapeLeft UIInterfaceOrientationLandscapeRight";
				INFOPLIST_KEY_UISupportedInterfaceOrientations_iPhone = "UIInterfaceOrientationPortrait UIInterfaceOrientationLandscapeLeft UIInterfaceOrientationLandscapeRight";
				LD_RUNPATH_SEARCH_PATHS = (
					"$(inherited)",
					"@executable_path/Frameworks",
				);
				MARKETING_VERSION = 1.0;
				PRODUCT_BUNDLE_IDENTIFIER = com.ariuna.Affirmations;
				PRODUCT_NAME = "$(TARGET_NAME)";
				SWIFT_EMIT_LOC_STRINGS = YES;
				SWIFT_VERSION = 5.0;
				TARGETED_DEVICE_FAMILY = "1,2";
			};
			name = Debug;
		};
		54EB61462C5CF06200EF3611 /* Release */ = {
			isa = XCBuildConfiguration;
			buildSettings = {
				ASSETCATALOG_COMPILER_APPICON_NAME = AppIcon;
				ASSETCATALOG_COMPILER_GLOBAL_ACCENT_COLOR_NAME = AccentColor;
				CODE_SIGN_STYLE = Automatic;
				CURRENT_PROJECT_VERSION = 1;
				DEVELOPMENT_ASSET_PATHS = "\"Affirmations/Preview Content\"";
				DEVELOPMENT_TEAM = LU4XHFZPKM;
				ENABLE_PREVIEWS = YES;
				GENERATE_INFOPLIST_FILE = YES;
				INFOPLIST_KEY_UIApplicationSceneManifest_Generation = YES;
				INFOPLIST_KEY_UIApplicationSupportsIndirectInputEvents = YES;
				INFOPLIST_KEY_UILaunchScreen_Generation = YES;
				INFOPLIST_KEY_UISupportedInterfaceOrientations_iPad = "UIInterfaceOrientationPortrait UIInterfaceOrientationPortraitUpsideDown UIInterfaceOrientationLandscapeLeft UIInterfaceOrientationLandscapeRight";
				INFOPLIST_KEY_UISupportedInterfaceOrientations_iPhone = "UIInterfaceOrientationPortrait UIInterfaceOrientationLandscapeLeft UIInterfaceOrientationLandscapeRight";
				LD_RUNPATH_SEARCH_PATHS = (
					"$(inherited)",
					"@executable_path/Frameworks",
				);
				MARKETING_VERSION = 1.0;
				PRODUCT_BUNDLE_IDENTIFIER = com.ariuna.Affirmations;
				PRODUCT_NAME = "$(TARGET_NAME)";
				SWIFT_EMIT_LOC_STRINGS = YES;
				SWIFT_VERSION = 5.0;
				TARGETED_DEVICE_FAMILY = "1,2";
			};
			name = Release;
		};
/* End XCBuildConfiguration section */

/* Begin XCConfigurationList section */
		54EB61312C5CF06100EF3611 /* Build configuration list for PBXProject "Affirmations" */ = {
			isa = XCConfigurationList;
			buildConfigurations = (
				54EB61422C5CF06200EF3611 /* Debug */,
				54EB61432C5CF06200EF3611 /* Release */,
			);
			defaultConfigurationIsVisible = 0;
			defaultConfigurationName = Release;
		};
		54EB61442C5CF06200EF3611 /* Build configuration list for PBXNativeTarget "Affirmations" */ = {
			isa = XCConfigurationList;
			buildConfigurations = (
				54EB61452C5CF06200EF3611 /* Debug */,
				54EB61462C5CF06200EF3611 /* Release */,
			);
			defaultConfigurationIsVisible = 0;
			defaultConfigurationName = Release;
		};
/* End XCConfigurationList section */

/* Begin XCVersionGroup section */
		546A2A552C5F942C009EFA49 /* Affirmations.xcdatamodeld */ = {
			isa = XCVersionGroup;
			children = (
				546A2A562C5F942C009EFA49 /* Affirmations.xcdatamodel */,
			);
			currentVersion = 546A2A562C5F942C009EFA49 /* Affirmations.xcdatamodel */;
			path = Affirmations.xcdatamodeld;
			sourceTree = "<group>";
			versionGroupType = wrapper.xcdatamodel;
		};
/* End XCVersionGroup section */
	};
	rootObject = 54EB612E2C5CF06100EF3611 /* Project object */;
}
